# THIS IS AN AUTOGENERATED FILE. DO NOT EDIT THIS FILE DIRECTLY.
# yarn lockfile v1


classnames@^2.2.5:
  version "2.2.5"
  resolved "https://registry.yarnpkg.com/classnames/-/classnames-2.2.5.tgz#fb3801d453467649ef3603c7d61a02bd129bde6d"

css-mediaquery@^0.1.2:
  version "0.1.2"
  resolved "https://registry.yarnpkg.com/css-mediaquery/-/css-mediaquery-0.1.2.tgz#6a2c37344928618631c54bd33cedd301da18bea0"

framesync@^3.0.2, framesync@^3.1.7:
  version "3.1.7"
  resolved "https://registry.yarnpkg.com/framesync/-/framesync-3.1.7.tgz#9b9aa3eff8598625302597851a428f40c3dc1c6b"

hex-to-rgb@^1.0.1:
  version "1.0.1"
  resolved "https://registry.yarnpkg.com/hex-to-rgb/-/hex-to-rgb-1.0.1.tgz#100b9df126b32f2762adf8486be68c65ef8ed2a4"

jump.js@^1.0.2:
  version "1.0.2"
  resolved "https://registry.yarnpkg.com/jump.js/-/jump.js-1.0.2.tgz#e0641b47f40a38f2139c25fda0500bf28e43015a"

matchmediaquery@^0.2.1:
  version "0.2.1"
  resolved "https://registry.yarnpkg.com/matchmediaquery/-/matchmediaquery-0.2.1.tgz#223c7005793de03e47ce92b13285a72c44ada2cf"
  dependencies:
    css-mediaquery "^0.1.2"

mithril@^1.1.6:
  version "1.1.6"
  resolved "https://registry.yarnpkg.com/mithril/-/mithril-1.1.6.tgz#bd2cc0de3d3c86076a6a7a30367a601a1bd108f3"

popmotion@^8.1.10:
  version "8.1.10"
  resolved "https://registry.yarnpkg.com/popmotion/-/popmotion-8.1.10.tgz#1b7e697d47ddd1bb26f1c6db8f35530bc86619d3"
  dependencies:
    framesync "^3.1.7"
    style-value-types "^1.0.3"
    stylefire "^1.1.9"

style-value-types@^1.0.3:
  version "1.0.3"
  resolved "https://registry.yarnpkg.com/style-value-types/-/style-value-types-1.0.3.tgz#651c3c75c988ea2ef86e20c6a07f98cce62efddf"

stylefire@^1.1.9:
  version "1.1.9"
  resolved "https://registry.yarnpkg.com/stylefire/-/stylefire-1.1.9.tgz#337f2d58690450a919093b2b4e89b925435bf287"
  dependencies:
    framesync "^3.0.2"
    style-value-types "^1.0.3"
